
Microsoft Visual Studio Solution File, Format Version 11.00
# Visual Studio 2010
Project("{FAE04EC0-301F-11D3-BF4B-00C04F79EFBC}") = "WPFExample", "WPFExample\WPFExample.csproj", "{102051BC-0097-41AF-9FED-9358E1F8DB66}"
EndProject
Global
	GlobalSection(SolutionConfigurationPlatforms) = preSolution
		Debug|x86 = Debug|x86
		Release|x86 = Release|x86
	EndGlobalSection
	GlobalSection(ProjectConfigurationPlatforms) = postSolution
		{102051BC-0097-41AF-9FED-9358E1F8DB66}.Debug|x86.ActiveCfg = Debug|x86
		{102051BC-0097-41AF-9FED-9358E1F8DB66}.Debug|x86.Build.0 = Debug|x86
		{102051BC-0097-41AF-9FED-9358E1F8DB66}.Release|x86.ActiveCfg = Release|x86
		{102051BC-0097-41AF-9FED-9358E1F8DB66}.Release|x86.Build.0 = Release|x86
	EndGlobalSection
	GlobalSection(SolutionProperties) = preSolution
		HideSolutionNode = FALSE
	EndGlobalSection
EndGlobal
